
Microsoft Visual Studio Solution File, Format Version 12.00
# Visual Studio Version 16
VisualStudioVersion = 16.0.29324.140
MinimumVisualStudioVersion = 10.0.40219.1
Project("{FAE04EC0-301F-11D3-BF4B-00C04F79EFBC}") = "Project3WebApp", "Project3WebApp\Project3WebApp.csproj", "{5D082005-1F6C-49E7-97A9-9780FFBDE469}"
EndProject
Global
	GlobalSection(SolutionConfigurationPlatforms) = preSolution
		Debug|Any CPU = Debug|Any CPU
		Release|Any CPU = Release|Any CPU
	EndGlobalSection
	GlobalSection(ProjectConfigurationPlatforms) = postSolution
		{5D082005-1F6C-49E7-97A9-9780FFBDE469}.Debug|Any CPU.ActiveCfg = Debug|Any CPU
		{5D082005-1F6C-49E7-97A9-9780FFBDE469}.Debug|Any CPU.Build.0 = Debug|Any CPU
		{5D082005-1F6C-49E7-97A9-9780FFBDE469}.Release|Any CPU.ActiveCfg = Release|Any CPU
		{5D082005-1F6C-49E7-97A9-9780FFBDE469}.Release|Any CPU.Build.0 = Release|Any CPU
	EndGlobalSection
	GlobalSection(SolutionProperties) = preSolution
		HideSolutionNode = FALSE
	EndGlobalSection
	GlobalSection(ExtensibilityGlobals) = postSolution
		SolutionGuid = {02A6326A-CC09-45EB-83B6-623517A72091}
	EndGlobalSection
EndGlobal
